
Microsoft Visual Studio Solution File, Format Version 12.00
# Visual Studio Version 17
VisualStudioVersion = 17.9.34616.47
MinimumVisualStudioVersion = 10.0.40219.1
Project("{FAE04EC0-301F-11D3-BF4B-00C04F79EFBC}") = "estudantes", "estudantes\estudantes.csproj", "{516B3F48-E222-40F7-B81E-795FCB149578}"
EndProject
Global
	GlobalSection(SolutionConfigurationPlatforms) = preSolution
		Debug|Any CPU = Debug|Any CPU
		Release|Any CPU = Release|Any CPU
	EndGlobalSection
	GlobalSection(ProjectConfigurationPlatforms) = postSolution
		{516B3F48-E222-40F7-B81E-795FCB149578}.Debug|Any CPU.ActiveCfg = Debug|Any CPU
		{516B3F48-E222-40F7-B81E-795FCB149578}.Debug|Any CPU.Build.0 = Debug|Any CPU
		{516B3F48-E222-40F7-B81E-795FCB149578}.Release|Any CPU.ActiveCfg = Release|Any CPU
		{516B3F48-E222-40F7-B81E-795FCB149578}.Release|Any CPU.Build.0 = Release|Any CPU
	EndGlobalSection
	GlobalSection(SolutionProperties) = preSolution
		HideSolutionNode = FALSE
	EndGlobalSection
	GlobalSection(ExtensibilityGlobals) = postSolution
		SolutionGuid = {57599939-1EC8-4B80-BEC7-90B53B7C1FCC}
	EndGlobalSection
EndGlobal
